
Microsoft Visual Studio Solution File, Format Version 12.00
# Visual Studio Version 17
VisualStudioVersion = 17.8.34408.163
MinimumVisualStudioVersion = 10.0.40219.1
Project("{FAE04EC0-301F-11D3-BF4B-00C04F79EFBC}") = "Steuerelement", "Steuerelement\Steuerelement.csproj", "{4A5100A7-032E-4ABB-BEF8-79DAB0E1D1B7}"
EndProject
Global
	GlobalSection(SolutionConfigurationPlatforms) = preSolution
		Debug|Any CPU = Debug|Any CPU
		Release|Any CPU = Release|Any CPU
	EndGlobalSection
	GlobalSection(ProjectConfigurationPlatforms) = postSolution
		{4A5100A7-032E-4ABB-BEF8-79DAB0E1D1B7}.Debug|Any CPU.ActiveCfg = Debug|Any CPU
		{4A5100A7-032E-4ABB-BEF8-79DAB0E1D1B7}.Debug|Any CPU.Build.0 = Debug|Any CPU
		{4A5100A7-032E-4ABB-BEF8-79DAB0E1D1B7}.Release|Any CPU.ActiveCfg = Release|Any CPU
		{4A5100A7-032E-4ABB-BEF8-79DAB0E1D1B7}.Release|Any CPU.Build.0 = Release|Any CPU
	EndGlobalSection
	GlobalSection(SolutionProperties) = preSolution
		HideSolutionNode = FALSE
	EndGlobalSection
	GlobalSection(ExtensibilityGlobals) = postSolution
		SolutionGuid = {9DED3CA9-6ABE-4914-8FDC-4D1BDB5F7323}
	EndGlobalSection
EndGlobal
